// !$*UTF8*$!
{
	archiveVersion = 1;
	classes = {
	};
	objectVersion = 56;
	objects = {

/* Begin PBXBuildFile section */
		192592FF2C4F764400438125 /* Expense_TrakerApp.swift in Sources */ = {isa = PBXBuildFile; fileRef = 192592FE2C4F764400438125 /* Expense_TrakerApp.swift */; };
		192593012C4F764400438125 /* ContentView.swift in Sources */ = {isa = PBXBuildFile; fileRef = 192593002C4F764400438125 /* ContentView.swift */; };
		192593032C4F764A00438125 /* Assets.xcassets in Resources */ = {isa = PBXBuildFile; fileRef = 192593022C4F764A00438125 /* Assets.xcassets */; };
		192593062C4F764A00438125 /* Preview Assets.xcassets in Resources */ = {isa = PBXBuildFile; fileRef = 192593052C4F764A00438125 /* Preview Assets.xcassets */; };
		192593112C4F791800438125 /* IntroScreen.swift in Sources */ = {isa = PBXBuildFile; fileRef = 192593102C4F791800438125 /* IntroScreen.swift */; };
		192593142C4F7B1D00438125 /* Constants.swift in Sources */ = {isa = PBXBuildFile; fileRef = 192593132C4F7B1D00438125 /* Constants.swift */; };
		192593162C50718800438125 /* Tab.swift in Sources */ = {isa = PBXBuildFile; fileRef = 192593152C50718800438125 /* Tab.swift */; };
		192593182C5362DB00438125 /* Category.swift in Sources */ = {isa = PBXBuildFile; fileRef = 192593172C5362DB00438125 /* Category.swift */; };
		1925931A2C53637F00438125 /* Transaction.swift in Sources */ = {isa = PBXBuildFile; fileRef = 192593192C53637F00438125 /* Transaction.swift */; };
		1925931C2C5369D400438125 /* TintColor.swift in Sources */ = {isa = PBXBuildFile; fileRef = 1925931B2C5369D400438125 /* TintColor.swift */; };
		1925931F2C536CF700438125 /* Recents.swift in Sources */ = {isa = PBXBuildFile; fileRef = 1925931E2C536CF700438125 /* Recents.swift */; };
		192593212C536D2F00438125 /* Search.swift in Sources */ = {isa = PBXBuildFile; fileRef = 192593202C536D2F00438125 /* Search.swift */; };
		192593232C536D4E00438125 /* Graphs.swift in Sources */ = {isa = PBXBuildFile; fileRef = 192593222C536D4E00438125 /* Graphs.swift */; };
		192593252C536D5A00438125 /* Settings.swift in Sources */ = {isa = PBXBuildFile; fileRef = 192593242C536D5A00438125 /* Settings.swift */; };
		192593272C54086C00438125 /* View+Extensions.swift in Sources */ = {isa = PBXBuildFile; fileRef = 192593262C54086C00438125 /* View+Extensions.swift */; };
		1925932D2C543D7800438125 /* Date+Extensions.swift in Sources */ = {isa = PBXBuildFile; fileRef = 1925932C2C543D7800438125 /* Date+Extensions.swift */; };
		192593302C54458A00438125 /* CardView.swift in Sources */ = {isa = PBXBuildFile; fileRef = 1925932F2C54458A00438125 /* CardView.swift */; };
		192593322C5A13DB00438125 /* TransactionCardView.swift in Sources */ = {isa = PBXBuildFile; fileRef = 192593312C5A13DB00438125 /* TransactionCardView.swift */; };
		192593382C5AC2DF00438125 /* Home.swift in Sources */ = {isa = PBXBuildFile; fileRef = 192593372C5AC2DF00438125 /* Home.swift */; };
		1925933A2C5AC45800438125 /* Help.swift in Sources */ = {isa = PBXBuildFile; fileRef = 192593392C5AC45800438125 /* Help.swift */; };
		1925933C2C5E071C00438125 /* DateFilterView.swift in Sources */ = {isa = PBXBuildFile; fileRef = 1925933B2C5E071C00438125 /* DateFilterView.swift */; };
		19A20FB62C7AA4BA0075CEED /* LockView.swift in Sources */ = {isa = PBXBuildFile; fileRef = 19A20FB52C7AA4BA0075CEED /* LockView.swift */; };
		19A20FB82C7AEA770075CEED /* Transactionview.swift in Sources */ = {isa = PBXBuildFile; fileRef = 19A20FB72C7AEA770075CEED /* Transactionview.swift */; };
		19A20FBA2C7C40710075CEED /* FilterTransactionsView.swift in Sources */ = {isa = PBXBuildFile; fileRef = 19A20FB92C7C40710075CEED /* FilterTransactionsView.swift */; };
/* End PBXBuildFile section */

/* Begin PBXFileReference section */
		192592FB2C4F764400438125 /* Expense_Traker.app */ = {isa = PBXFileReference; explicitFileType = wrapper.application; includeInIndex = 0; path = Expense_Traker.app; sourceTree = BUILT_PRODUCTS_DIR; };
		192592FE2C4F764400438125 /* Expense_TrakerApp.swift */ = {isa = PBXFileReference; lastKnownFileType = sourcecode.swift; path = Expense_TrakerApp.swift; sourceTree = "<group>"; };
		192593002C4F764400438125 /* ContentView.swift */ = {isa = PBXFileReference; lastKnownFileType = sourcecode.swift; path = ContentView.swift; sourceTree = "<group>"; };
		192593022C4F764A00438125 /* Assets.xcassets */ = {isa = PBXFileReference; lastKnownFileType = folder.assetcatalog; path = Assets.xcassets; sourceTree = "<group>"; };
		192593052C4F764A00438125 /* Preview Assets.xcassets */ = {isa = PBXFileReference; lastKnownFileType = folder.assetcatalog; path = "Preview Assets.xcassets"; sourceTree = "<group>"; };
		192593102C4F791800438125 /* IntroScreen.swift */ = {isa = PBXFileReference; lastKnownFileType = sourcecode.swift; path = IntroScreen.swift; sourceTree = "<group>"; };
		192593132C4F7B1D00438125 /* Constants.swift */ = {isa = PBXFileReference; lastKnownFileType = sourcecode.swift; path = Constants.swift; sourceTree = "<group>"; };
		192593152C50718800438125 /* Tab.swift */ = {isa = PBXFileReference; lastKnownFileType = sourcecode.swift; path = Tab.swift; sourceTree = "<group>"; };
		192593172C5362DB00438125 /* Category.swift */ = {isa = PBXFileReference; lastKnownFileType = sourcecode.swift; path = Category.swift; sourceTree = "<group>"; };
		192593192C53637F00438125 /* Transaction.swift */ = {isa = PBXFileReference; lastKnownFileType = sourcecode.swift; path = Transaction.swift; sourceTree = "<group>"; };
		1925931B2C5369D400438125 /* TintColor.swift */ = {isa = PBXFileReference; lastKnownFileType = sourcecode.swift; path = TintColor.swift; sourceTree = "<group>"; };
		1925931E2C536CF700438125 /* Recents.swift */ = {isa = PBXFileReference; lastKnownFileType = sourcecode.swift; path = Recents.swift; sourceTree = "<group>"; };
		192593202C536D2F00438125 /* Search.swift */ = {isa = PBXFileReference; lastKnownFileType = sourcecode.swift; path = Search.swift; sourceTree = "<group>"; };
		192593222C536D4E00438125 /* Graphs.swift */ = {isa = PBXFileReference; lastKnownFileType = sourcecode.swift; path = Graphs.swift; sourceTree = "<group>"; };
		192593242C536D5A00438125 /* Settings.swift */ = {isa = PBXFileReference; lastKnownFileType = sourcecode.swift; path = Settings.swift; sourceTree = "<group>"; };
		192593262C54086C00438125 /* View+Extensions.swift */ = {isa = PBXFileReference; lastKnownFileType = sourcecode.swift; path = "View+Extensions.swift"; sourceTree = "<group>"; };
		1925932C2C543D7800438125 /* Date+Extensions.swift */ = {isa = PBXFileReference; lastKnownFileType = sourcecode.swift; path = "Date+Extensions.swift"; sourceTree = "<group>"; };
		1925932F2C54458A00438125 /* CardView.swift */ = {isa = PBXFileReference; lastKnownFileType = sourcecode.swift; path = CardView.swift; sourceTree = "<group>"; };
		192593312C5A13DB00438125 /* TransactionCardView.swift */ = {isa = PBXFileReference; lastKnownFileType = sourcecode.swift; path = TransactionCardView.swift; sourceTree = "<group>"; };
		192593372C5AC2DF00438125 /* Home.swift */ = {isa = PBXFileReference; lastKnownFileType = sourcecode.swift; path = Home.swift; sourceTree = "<group>"; };
		192593392C5AC45800438125 /* Help.swift */ = {isa = PBXFileReference; lastKnownFileType = sourcecode.swift; path = Help.swift; sourceTree = "<group>"; };
		1925933B2C5E071C00438125 /* DateFilterView.swift */ = {isa = PBXFileReference; lastKnownFileType = sourcecode.swift; path = DateFilterView.swift; sourceTree = "<group>"; };
		19A20FB52C7AA4BA0075CEED /* LockView.swift */ = {isa = PBXFileReference; fileEncoding = 4; lastKnownFileType = sourcecode.swift; path = LockView.swift; sourceTree = "<group>"; };
		19A20FB72C7AEA770075CEED /* Transactionview.swift */ = {isa = PBXFileReference; lastKnownFileType = sourcecode.swift; path = Transactionview.swift; sourceTree = "<group>"; };
		19A20FB92C7C40710075CEED /* FilterTransactionsView.swift */ = {isa = PBXFileReference; lastKnownFileType = sourcecode.swift; path = FilterTransactionsView.swift; sourceTree = "<group>"; };
/* End PBXFileReference section */

/* Begin PBXFrameworksBuildPhase section */
		192592F82C4F764400438125 /* Frameworks */ = {
			isa = PBXFrameworksBuildPhase;
			buildActionMask = 2147483647;
			files = (
			);
			runOnlyForDeploymentPostprocessing = 0;
		};
/* End PBXFrameworksBuildPhase section */

/* Begin PBXGroup section */
		192592F22C4F764400438125 = {
			isa = PBXGroup;
			children = (
				192592FD2C4F764400438125 /* Expense_Traker */,
				192592FC2C4F764400438125 /* Products */,
			);
			sourceTree = "<group>";
		};
		192592FC2C4F764400438125 /* Products */ = {
			isa = PBXGroup;
			children = (
				192592FB2C4F764400438125 /* Expense_Traker.app */,
			);
			name = Products;
			sourceTree = "<group>";
		};
		192592FD2C4F764400438125 /* Expense_Traker */ = {
			isa = PBXGroup;
			children = (
				192593122C4F7AFE00438125 /* Helpers */,
				1925930C2C4F789300438125 /* Model */,
				1925930D2C4F789D00438125 /* View */,
				192592FE2C4F764400438125 /* Expense_TrakerApp.swift */,
				192593002C4F764400438125 /* ContentView.swift */,
				192593022C4F764A00438125 /* Assets.xcassets */,
				192593042C4F764A00438125 /* Preview Content */,
			);
			path = Expense_Traker;
			sourceTree = "<group>";
		};
		192593042C4F764A00438125 /* Preview Content */ = {
			isa = PBXGroup;
			children = (
				192593052C4F764A00438125 /* Preview Assets.xcassets */,
			);
			path = "Preview Content";
			sourceTree = "<group>";
		};
		1925930C2C4F789300438125 /* Model */ = {
			isa = PBXGroup;
			children = (
				192593152C50718800438125 /* Tab.swift */,
				192593172C5362DB00438125 /* Category.swift */,
				192593192C53637F00438125 /* Transaction.swift */,
				1925931B2C5369D400438125 /* TintColor.swift */,
			);
			path = Model;
			sourceTree = "<group>";
		};
		1925930D2C4F789D00438125 /* View */ = {
			isa = PBXGroup;
			children = (
				192593332C5AC29900438125 /* Swipe  */,
				1925932E2C54454400438125 /* Healper */,
				1925931D2C536CD900438125 /* TabViews */,
				192593102C4F791800438125 /* IntroScreen.swift */,
				19A20FB72C7AEA770075CEED /* Transactionview.swift */,
			);
			path = View;
			sourceTree = "<group>";
		};
		192593122C4F7AFE00438125 /* Helpers */ = {
			isa = PBXGroup;
			children = (
				192593132C4F7B1D00438125 /* Constants.swift */,
				192593262C54086C00438125 /* View+Extensions.swift */,
				1925932C2C543D7800438125 /* Date+Extensions.swift */,
			);
			path = Helpers;
			sourceTree = "<group>";
		};
		1925931D2C536CD900438125 /* TabViews */ = {
			isa = PBXGroup;
			children = (
				1925931E2C536CF700438125 /* Recents.swift */,
				192593202C536D2F00438125 /* Search.swift */,
				192593222C536D4E00438125 /* Graphs.swift */,
				192593242C536D5A00438125 /* Settings.swift */,
			);
			path = TabViews;
			sourceTree = "<group>";
		};
		1925932E2C54454400438125 /* Healper */ = {
			isa = PBXGroup;
			children = (
				1925932F2C54458A00438125 /* CardView.swift */,
				19A20FB52C7AA4BA0075CEED /* LockView.swift */,
				192593312C5A13DB00438125 /* TransactionCardView.swift */,
				1925933B2C5E071C00438125 /* DateFilterView.swift */,
				19A20FB92C7C40710075CEED /* FilterTransactionsView.swift */,
			);
			path = Healper;
			sourceTree = "<group>";
		};
		192593332C5AC29900438125 /* Swipe  */ = {
			isa = PBXGroup;
			children = (
				192593372C5AC2DF00438125 /* Home.swift */,
				192593392C5AC45800438125 /* Help.swift */,
			);
			path = "Swipe ";
			sourceTree = "<group>";
		};
/* End PBXGroup section */

/* Begin PBXNativeTarget section */
		192592FA2C4F764400438125 /* Expense_Traker */ = {
			isa = PBXNativeTarget;
			buildConfigurationList = 192593092C4F764A00438125 /* Build configuration list for PBXNativeTarget "Expense_Traker" */;
			buildPhases = (
				192592F72C4F764400438125 /* Sources */,
				192592F82C4F764400438125 /* Frameworks */,
				192592F92C4F764400438125 /* Resources */,
			);
			buildRules = (
			);
			dependencies = (
			);
			name = Expense_Traker;
			productName = Expense_Traker;
			productReference = 192592FB2C4F764400438125 /* Expense_Traker.app */;
			productType = "com.apple.product-type.application";
		};
/* End PBXNativeTarget section */

/* Begin PBXProject section */
		192592F32C4F764400438125 /* Project object */ = {
			isa = PBXProject;
			attributes = {
				BuildIndependentTargetsInParallel = 1;
				LastSwiftUpdateCheck = 1520;
				LastUpgradeCheck = 1520;
				TargetAttributes = {
					192592FA2C4F764400438125 = {
						CreatedOnToolsVersion = 15.2;
					};
				};
			};
			buildConfigurationList = 192592F62C4F764400438125 /* Build configuration list for PBXProject "Expense_Traker" */;
			compatibilityVersion = "Xcode 14.0";
			developmentRegion = en;
			hasScannedForEncodings = 0;
			knownRegions = (
				en,
				Base,
			);
			mainGroup = 192592F22C4F764400438125;
			productRefGroup = 192592FC2C4F764400438125 /* Products */;
			projectDirPath = "";
			projectRoot = "";
			targets = (
				192592FA2C4F764400438125 /* Expense_Traker */,
			);
		};
/* End PBXProject section */

/* Begin PBXResourcesBuildPhase section */
		192592F92C4F764400438125 /* Resources */ = {
			isa = PBXResourcesBuildPhase;
			buildActionMask = 2147483647;
			files = (
				192593062C4F764A00438125 /* Preview Assets.xcassets in Resources */,
				192593032C4F764A00438125 /* Assets.xcassets in Resources */,
			);
			runOnlyForDeploymentPostprocessing = 0;
		};
/* End PBXResourcesBuildPhase section */

/* Begin PBXSourcesBuildPhase section */
		192592F72C4F764400438125 /* Sources */ = {
			isa = PBXSourcesBuildPhase;
			buildActionMask = 2147483647;
			files = (
				1925931C2C5369D400438125 /* TintColor.swift in Sources */,
				1925931F2C536CF700438125 /* Recents.swift in Sources */,
				19A20FB82C7AEA770075CEED /* Transactionview.swift in Sources */,
				1925933C2C5E071C00438125 /* DateFilterView.swift in Sources */,
				1925931A2C53637F00438125 /* Transaction.swift in Sources */,
				192593012C4F764400438125 /* ContentView.swift in Sources */,
				192593382C5AC2DF00438125 /* Home.swift in Sources */,
				192593302C54458A00438125 /* CardView.swift in Sources */,
				1925933A2C5AC45800438125 /* Help.swift in Sources */,
				192593112C4F791800438125 /* IntroScreen.swift in Sources */,
				192593162C50718800438125 /* Tab.swift in Sources */,
				192593252C536D5A00438125 /* Settings.swift in Sources */,
				192592FF2C4F764400438125 /* Expense_TrakerApp.swift in Sources */,
				19A20FBA2C7C40710075CEED /* FilterTransactionsView.swift in Sources */,
				192593212C536D2F00438125 /* Search.swift in Sources */,
				19A20FB62C7AA4BA0075CEED /* LockView.swift in Sources */,
				1925932D2C543D7800438125 /* Date+Extensions.swift in Sources */,
				192593272C54086C00438125 /* View+Extensions.swift in Sources */,
				192593142C4F7B1D00438125 /* Constants.swift in Sources */,
				192593232C536D4E00438125 /* Graphs.swift in Sources */,
				192593182C5362DB00438125 /* Category.swift in Sources */,
				192593322C5A13DB00438125 /* TransactionCardView.swift in Sources */,
			);
			runOnlyForDeploymentPostprocessing = 0;
		};
/* End PBXSourcesBuildPhase section */

/* Begin XCBuildConfiguration section */
		192593072C4F764A00438125 /* Debug */ = {
			isa = XCBuildConfiguration;
			buildSettings = {
				ALWAYS_SEARCH_USER_PATHS = NO;
				ASSETCATALOG_COMPILER_GENERATE_SWIFT_ASSET_SYMBOL_EXTENSIONS = YES;
				CLANG_ANALYZER_NONNULL = YES;
				CLANG_ANALYZER_NUMBER_OBJECT_CONVERSION = YES_AGGRESSIVE;
				CLANG_CXX_LANGUAGE_STANDARD = "gnu++20";
				CLANG_ENABLE_MODULES = YES;
				CLANG_ENABLE_OBJC_ARC = YES;
				CLANG_ENABLE_OBJC_WEAK = YES;
				CLANG_WARN_BLOCK_CAPTURE_AUTORELEASING = YES;
				CLANG_WARN_BOOL_CONVERSION = YES;
				CLANG_WARN_COMMA = YES;
				CLANG_WARN_CONSTANT_CONVERSION = YES;
				CLANG_WARN_DEPRECATED_OBJC_IMPLEMENTATIONS = YES;
				CLANG_WARN_DIRECT_OBJC_ISA_USAGE = YES_ERROR;
				CLANG_WARN_DOCUMENTATION_COMMENTS = YES;
				CLANG_WARN_EMPTY_BODY = YES;
				CLANG_WARN_ENUM_CONVERSION = YES;
				CLANG_WARN_INFINITE_RECURSION = YES;
				CLANG_WARN_INT_CONVERSION = YES;
				CLANG_WARN_NON_LITERAL_NULL_CONVERSION = YES;
				CLANG_WARN_OBJC_IMPLICIT_RETAIN_SELF = YES;
				CLANG_WARN_OBJC_LITERAL_CONVERSION = YES;
				CLANG_WARN_OBJC_ROOT_CLASS = YES_ERROR;
				CLANG_WARN_QUOTED_INCLUDE_IN_FRAMEWORK_HEADER = YES;
				CLANG_WARN_RANGE_LOOP_ANALYSIS = YES;
				CLANG_WARN_STRICT_PROTOTYPES = YES;
				CLANG_WARN_SUSPICIOUS_MOVE = YES;
				CLANG_WARN_UNGUARDED_AVAILABILITY = YES_AGGRESSIVE;
				CLANG_WARN_UNREACHABLE_CODE = YES;
				CLANG_WARN__DUPLICATE_METHOD_MATCH = YES;
				COPY_PHASE_STRIP = NO;
				DEBUG_INFORMATION_FORMAT = dwarf;
				ENABLE_STRICT_OBJC_MSGSEND = YES;
				ENABLE_TESTABILITY = YES;
				ENABLE_USER_SCRIPT_SANDBOXING = YES;
				GCC_C_LANGUAGE_STANDARD = gnu17;
				GCC_DYNAMIC_NO_PIC = NO;
				GCC_NO_COMMON_BLOCKS = YES;
				GCC_OPTIMIZATION_LEVEL = 0;
				GCC_PREPROCESSOR_DEFINITIONS = (
					"DEBUG=1",
					"$(inherited)",
				);
				GCC_WARN_64_TO_32_BIT_CONVERSION = YES;
				GCC_WARN_ABOUT_RETURN_TYPE = YES_ERROR;
				GCC_WARN_UNDECLARED_SELECTOR = YES;
				GCC_WARN_UNINITIALIZED_AUTOS = YES_AGGRESSIVE;
				GCC_WARN_UNUSED_FUNCTION = YES;
				GCC_WARN_UNUSED_VARIABLE = YES;
				IPHONEOS_DEPLOYMENT_TARGET = 17.2;
				LOCALIZATION_PREFERS_STRING_CATALOGS = YES;
				MTL_ENABLE_DEBUG_INFO = INCLUDE_SOURCE;
				MTL_FAST_MATH = YES;
				ONLY_ACTIVE_ARCH = YES;
				SDKROOT = iphoneos;
				SWIFT_ACTIVE_COMPILATION_CONDITIONS = "DEBUG $(inherited)";
				SWIFT_OPTIMIZATION_LEVEL = "-Onone";
			};
			name = Debug;
		};
		192593082C4F764A00438125 /* Release */ = {
			isa = XCBuildConfiguration;
			buildSettings = {
				ALWAYS_SEARCH_USER_PATHS = NO;
				ASSETCATALOG_COMPILER_GENERATE_SWIFT_ASSET_SYMBOL_EXTENSIONS = YES;
				CLANG_ANALYZER_NONNULL = YES;
				CLANG_ANALYZER_NUMBER_OBJECT_CONVERSION = YES_AGGRESSIVE;
				CLANG_CXX_LANGUAGE_STANDARD = "gnu++20";
				CLANG_ENABLE_MODULES = YES;
				CLANG_ENABLE_OBJC_ARC = YES;
				CLANG_ENABLE_OBJC_WEAK = YES;
				CLANG_WARN_BLOCK_CAPTURE_AUTORELEASING = YES;
				CLANG_WARN_BOOL_CONVERSION = YES;
				CLANG_WARN_COMMA = YES;
				CLANG_WARN_CONSTANT_CONVERSION = YES;
				CLANG_WARN_DEPRECATED_OBJC_IMPLEMENTATIONS = YES;
				CLANG_WARN_DIRECT_OBJC_ISA_USAGE = YES_ERROR;
				CLANG_WARN_DOCUMENTATION_COMMENTS = YES;
				CLANG_WARN_EMPTY_BODY = YES;
				CLANG_WARN_ENUM_CONVERSION = YES;
				CLANG_WARN_INFINITE_RECURSION = YES;
				CLANG_WARN_INT_CONVERSION = YES;
				CLANG_WARN_NON_LITERAL_NULL_CONVERSION = YES;
				CLANG_WARN_OBJC_IMPLICIT_RETAIN_SELF = YES;
				CLANG_WARN_OBJC_LITERAL_CONVERSION = YES;
				CLANG_WARN_OBJC_ROOT_CLASS = YES_ERROR;
				CLANG_WARN_QUOTED_INCLUDE_IN_FRAMEWORK_HEADER = YES;
				CLANG_WARN_RANGE_LOOP_ANALYSIS = YES;
				CLANG_WARN_STRICT_PROTOTYPES = YES;
				CLANG_WARN_SUSPICIOUS_MOVE = YES;
				CLANG_WARN_UNGUARDED_AVAILABILITY = YES_AGGRESSIVE;
				CLANG_WARN_UNREACHABLE_CODE = YES;
				CLANG_WARN__DUPLICATE_METHOD_MATCH = YES;
				COPY_PHASE_STRIP = NO;
				DEBUG_INFORMATION_FORMAT = "dwarf-with-dsym";
				ENABLE_NS_ASSERTIONS = NO;
				ENABLE_STRICT_OBJC_MSGSEND = YES;
				ENABLE_USER_SCRIPT_SANDBOXING = YES;
				GCC_C_LANGUAGE_STANDARD = gnu17;
				GCC_NO_COMMON_BLOCKS = YES;
				GCC_WARN_64_TO_32_BIT_CONVERSION = YES;
				GCC_WARN_ABOUT_RETURN_TYPE = YES_ERROR;
				GCC_WARN_UNDECLARED_SELECTOR = YES;
				GCC_WARN_UNINITIALIZED_AUTOS = YES_AGGRESSIVE;
				GCC_WARN_UNUSED_FUNCTION = YES;
				GCC_WARN_UNUSED_VARIABLE = YES;
				IPHONEOS_DEPLOYMENT_TARGET = 17.2;
				LOCALIZATION_PREFERS_STRING_CATALOGS = YES;
				MTL_ENABLE_DEBUG_INFO = NO;
				MTL_FAST_MATH = YES;
				SDKROOT = iphoneos;
				SWIFT_COMPILATION_MODE = wholemodule;
				VALIDATE_PRODUCT = YES;
			};
			name = Release;
		};
		1925930A2C4F764A00438125 /* Debug */ = {
			isa = XCBuildConfiguration;
			buildSettings = {
				ASSETCATALOG_COMPILER_APPICON_NAME = AppIcon;
				ASSETCATALOG_COMPILER_GLOBAL_ACCENT_COLOR_NAME = AccentColor;
				CODE_SIGN_STYLE = Automatic;
				CURRENT_PROJECT_VERSION = 1;
				DEVELOPMENT_ASSET_PATHS = "\"Expense_Traker/Preview Content\"";
				DEVELOPMENT_TEAM = PSWHLPCFB2;
				ENABLE_PREVIEWS = YES;
				GENERATE_INFOPLIST_FILE = YES;
				INFOPLIST_KEY_NSFaceIDUsageDescription = DESCRIPTION;
				INFOPLIST_KEY_UIApplicationSceneManifest_Generation = YES;
				INFOPLIST_KEY_UIApplicationSupportsIndirectInputEvents = YES;
				INFOPLIST_KEY_UILaunchScreen_Generation = YES;
				INFOPLIST_KEY_UISupportedInterfaceOrientations_iPad = "UIInterfaceOrientationPortrait UIInterfaceOrientationPortraitUpsideDown UIInterfaceOrientationLandscapeLeft UIInterfaceOrientationLandscapeRight";
				INFOPLIST_KEY_UISupportedInterfaceOrientations_iPhone = "UIInterfaceOrientationPortrait UIInterfaceOrientationLandscapeLeft UIInterfaceOrientationLandscapeRight";
				LD_RUNPATH_SEARCH_PATHS = (
					"$(inherited)",
					"@executable_path/Frameworks",
				);
				MARKETING_VERSION = 1.0;
				PRODUCT_BUNDLE_IDENTIFIER = "Preet-Pambhar.Expense-Traker";
				PRODUCT_NAME = "$(TARGET_NAME)";
				SWIFT_EMIT_LOC_STRINGS = YES;
				SWIFT_VERSION = 5.0;
				TARGETED_DEVICE_FAMILY = "1,2";
			};
			name = Debug;
		};
		1925930B2C4F764A00438125 /* Release */ = {
			isa = XCBuildConfiguration;
			buildSettings = {
				ASSETCATALOG_COMPILER_APPICON_NAME = AppIcon;
				ASSETCATALOG_COMPILER_GLOBAL_ACCENT_COLOR_NAME = AccentColor;
				CODE_SIGN_STYLE = Automatic;
				CURRENT_PROJECT_VERSION = 1;
				DEVELOPMENT_ASSET_PATHS = "\"Expense_Traker/Preview Content\"";
				DEVELOPMENT_TEAM = PSWHLPCFB2;
				ENABLE_PREVIEWS = YES;
				GENERATE_INFOPLIST_FILE = YES;
				INFOPLIST_KEY_NSFaceIDUsageDescription = DESCRIPTION;
				INFOPLIST_KEY_UIApplicationSceneManifest_Generation = YES;
				INFOPLIST_KEY_UIApplicationSupportsIndirectInputEvents = YES;
				INFOPLIST_KEY_UILaunchScreen_Generation = YES;
				INFOPLIST_KEY_UISupportedInterfaceOrientations_iPad = "UIInterfaceOrientationPortrait UIInterfaceOrientationPortraitUpsideDown UIInterfaceOrientationLandscapeLeft UIInterfaceOrientationLandscapeRight";
				INFOPLIST_KEY_UISupportedInterfaceOrientations_iPhone = "UIInterfaceOrientationPortrait UIInterfaceOrientationLandscapeLeft UIInterfaceOrientationLandscapeRight";
				LD_RUNPATH_SEARCH_PATHS = (
					"$(inherited)",
					"@executable_path/Frameworks",
				);
				MARKETING_VERSION = 1.0;
				PRODUCT_BUNDLE_IDENTIFIER = "Preet-Pambhar.Expense-Traker";
				PRODUCT_NAME = "$(TARGET_NAME)";
				SWIFT_EMIT_LOC_STRINGS = YES;
				SWIFT_VERSION = 5.0;
				TARGETED_DEVICE_FAMILY = "1,2";
			};
			name = Release;
		};
/* End XCBuildConfiguration section */

/* Begin XCConfigurationList section */
		192592F62C4F764400438125 /* Build configuration list for PBXProject "Expense_Traker" */ = {
			isa = XCConfigurationList;
			buildConfigurations = (
				192593072C4F764A00438125 /* Debug */,
				192593082C4F764A00438125 /* Release */,
			);
			defaultConfigurationIsVisible = 0;
			defaultConfigurationName = Release;
		};
		192593092C4F764A00438125 /* Build configuration list for PBXNativeTarget "Expense_Traker" */ = {
			isa = XCConfigurationList;
			buildConfigurations = (
				1925930A2C4F764A00438125 /* Debug */,
				1925930B2C4F764A00438125 /* Release */,
			);
			defaultConfigurationIsVisible = 0;
			defaultConfigurationName = Release;
		};
/* End XCConfigurationList section */
	};
	rootObject = 192592F32C4F764400438125 /* Project object */;
}
